
Microsoft Visual Studio Solution File, Format Version 12.00
# Visual Studio Version 16
VisualStudioVersion = 16.0.30413.136
MinimumVisualStudioVersion = 10.0.40219.1
Project("{FAE04EC0-301F-11D3-BF4B-00C04F79EFBC}") = "Vidly", "Vidly\Vidly.csproj", "{09C9FE5F-29E3-44F2-9AAE-9D118855214E}"
EndProject
Global
	GlobalSection(SolutionConfigurationPlatforms) = preSolution
		Debug|Any CPU = Debug|Any CPU
		Release|Any CPU = Release|Any CPU
	EndGlobalSection
	GlobalSection(ProjectConfigurationPlatforms) = postSolution
		{09C9FE5F-29E3-44F2-9AAE-9D118855214E}.Debug|Any CPU.ActiveCfg = Debug|Any CPU
		{09C9FE5F-29E3-44F2-9AAE-9D118855214E}.Debug|Any CPU.Build.0 = Debug|Any CPU
		{09C9FE5F-29E3-44F2-9AAE-9D118855214E}.Release|Any CPU.ActiveCfg = Release|Any CPU
		{09C9FE5F-29E3-44F2-9AAE-9D118855214E}.Release|Any CPU.Build.0 = Release|Any CPU
	EndGlobalSection
	GlobalSection(SolutionProperties) = preSolution
		HideSolutionNode = FALSE
	EndGlobalSection
	GlobalSection(ExtensibilityGlobals) = postSolution
		SolutionGuid = {AFA7B0FC-D709-40C0-9C20-A90CD76EC0CD}
	EndGlobalSection
EndGlobal
